
Microsoft Visual Studio Solution File, Format Version 12.00
# Visual Studio Version 17
VisualStudioVersion = 17.1.32407.343
MinimumVisualStudioVersion = 10.0.40219.1
Project("{FAE04EC0-301F-11D3-BF4B-00C04F79EFBC}") = "ConsoleAppTelegramMimiGamesBot", "ConsoleAppTelegramMimiGamesBot\ConsoleAppTelegramMimiGamesBot.csproj", "{BBA4FC8A-AC70-492E-8AE9-6DF432A45B87}"
EndProject
Global
	GlobalSection(SolutionConfigurationPlatforms) = preSolution
		Debug|Any CPU = Debug|Any CPU
		Release|Any CPU = Release|Any CPU
	EndGlobalSection
	GlobalSection(ProjectConfigurationPlatforms) = postSolution
		{BBA4FC8A-AC70-492E-8AE9-6DF432A45B87}.Debug|Any CPU.ActiveCfg = Debug|Any CPU
		{BBA4FC8A-AC70-492E-8AE9-6DF432A45B87}.Debug|Any CPU.Build.0 = Debug|Any CPU
		{BBA4FC8A-AC70-492E-8AE9-6DF432A45B87}.Release|Any CPU.ActiveCfg = Release|Any CPU
		{BBA4FC8A-AC70-492E-8AE9-6DF432A45B87}.Release|Any CPU.Build.0 = Release|Any CPU
	EndGlobalSection
	GlobalSection(SolutionProperties) = preSolution
		HideSolutionNode = FALSE
	EndGlobalSection
	GlobalSection(ExtensibilityGlobals) = postSolution
		SolutionGuid = {0B36C939-D57D-4B9B-A3F6-7CCCB2551326}
	EndGlobalSection
EndGlobal
